
Microsoft Visual Studio Solution File, Format Version 12.00
# Visual Studio 14
VisualStudioVersion = 14.0.24720.0
MinimumVisualStudioVersion = 10.0.40219.1
Project("{F184B08F-C81C-45F6-A57F-5ABD9991F28F}") = "SoftwareZator 2012", "SoftwareZator 2012 E.P\SoftwareZator 2012.vbproj", "{498A1C4B-2D9E-4C31-AC0B-39F49B8B9579}"
	ProjectSection(ProjectDependencies) = postProject
		{8FF4F9ED-9642-4838-9C7E-55FF0B27A1DC} = {8FF4F9ED-9642-4838-9C7E-55FF0B27A1DC}
	EndProjectSection
EndProject
Project("{2150E333-8FDC-42A3-9474-1A3956D46DE8}") = "DLL", "DLL", "{749E97DF-5B72-4DD0-8961-C78594EEB30B}"
EndProject
Project("{2150E333-8FDC-42A3-9474-1A3956D46DE8}") = "SZ", "SZ", "{EC97D5DD-1DFB-496F-A09C-38367E675481}"
EndProject
Project("{F184B08F-C81C-45F6-A57F-5ABD9991F28F}") = "VelerSoftware.SZVB", "DLL\VelerSoftware.SZVB\VelerSoftware.SZVB.vbproj", "{8FF4F9ED-9642-4838-9C7E-55FF0B27A1DC}"
EndProject
Project("{FAE04EC0-301F-11D3-BF4B-00C04F79EFBC}") = "VelerSoftware.SZC", "DLL\VelerSoftware.SZC\VelerSoftware.SZC.csproj", "{D1FE2822-74B5-4623-BEF8-7D9527C04BC2}"
EndProject
Project("{F184B08F-C81C-45F6-A57F-5ABD9991F28F}") = "VelerSoftware.Plugins3", "DLL\VelerSoftware.Plugins3\VelerSoftware.Plugins3.vbproj", "{28F80F36-9BB7-48F9-ABA0-242CFF54C89C}"
EndProject
Project("{2150E333-8FDC-42A3-9474-1A3956D46DE8}") = "PLUGINS", "PLUGINS", "{B7976759-B9F0-437A-A298-B90D3BD0E8FA}"
EndProject
Project("{F184B08F-C81C-45F6-A57F-5ABD9991F28F}") = "VelerSoftware.GeneralPlugin", "PLUGINS\VelerSoftware.GeneralPlugin\VelerSoftware.GeneralPlugin.vbproj", "{695F2F39-5C5A-4CD0-879D-94FB48C2B4AF}"
EndProject
Project("{FAE04EC0-301F-11D3-BF4B-00C04F79EFBC}") = "VelerSoftware.SZC35", "DLL\VelerSoftware.SZC35\VelerSoftware.SZC35.csproj", "{6C55B776-26D4-4DB3-A6AB-87E783B2F3D1}"
EndProject
Project("{2150E333-8FDC-42A3-9474-1A3956D46DE8}") = "OUTILS", "OUTILS", "{83CBFF87-A321-4AFA-A41C-DBEF3C2F1D95}"
EndProject
Project("{F184B08F-C81C-45F6-A57F-5ABD9991F28F}") = "Help", "OUTILS\Help\Help.vbproj", "{9360965A-E7E2-4190-BBA7-23CB09C4548C}"
EndProject
Project("{2150E333-8FDC-42A3-9474-1A3956D46DE8}") = "VelerSoftware.Design", "VelerSoftware.Design", "{8D6AE132-0EE0-40BA-9388-3B7F35D9ADF6}"
EndProject
Project("{FAE04EC0-301F-11D3-BF4B-00C04F79EFBC}") = "VelerSoftware.Design.Workspace", "DLL\VelerSoftware.Design.Workspace\VelerSoftware.Design.Workspace.csproj", "{9144BA04-155B-4B66-B85A-9A89AA93F7D4}"
EndProject
Project("{FAE04EC0-301F-11D3-BF4B-00C04F79EFBC}") = "VelerSoftware.Design.Toolkit", "DLL\VelerSoftware.Design.Toolkit\VelerSoftware.Design.Toolkit.csproj", "{96ECAECC-54F8-4AA5-8591-B443C2D9565F}"
EndProject
Project("{FAE04EC0-301F-11D3-BF4B-00C04F79EFBC}") = "VelerSoftware.Design.Ribbon", "DLL\VelerSoftware.Design.Ribbon\VelerSoftware.Design.Ribbon.csproj", "{E90FC375-453D-4FE4-9822-CE1DB85B6553}"
EndProject
Project("{FAE04EC0-301F-11D3-BF4B-00C04F79EFBC}") = "VelerSoftware.Design.Navigator", "DLL\VelerSoftware.Design.Navigator\VelerSoftware.Design.Navigator.csproj", "{DC0DD714-4D19-4F31-A6D0-EA209D4F0EA8}"
EndProject
Project("{FAE04EC0-301F-11D3-BF4B-00C04F79EFBC}") = "VelerSoftware.Design.Docking", "DLL\VelerSoftware.Design.Docking\VelerSoftware.Design.Docking.csproj", "{E00FF125-CB44-480B-847E-7B3D27E481EB}"
EndProject
Project("{FAE04EC0-301F-11D3-BF4B-00C04F79EFBC}") = "VelerSoftware.Design.Design", "DLL\VelerSoftware.Design.Design\VelerSoftware.Design.Design.csproj", "{6004C98A-6642-4DCF-906C-E0ED3581978F}"
EndProject
Project("{F184B08F-C81C-45F6-A57F-5ABD9991F28F}") = "Access32", "OUTILS\Access32\Access32.vbproj", "{1D24E09B-D0BD-45D2-B88F-90BCBC1C4B93}"
EndProject
Project("{2150E333-8FDC-42A3-9474-1A3956D46DE8}") = "AUTRE", "AUTRE", "{29D2723B-081A-4EC4-AC5A-DADBB94A0EF6}"
EndProject
Project("{F184B08F-C81C-45F6-A57F-5ABD9991F28F}") = "VelerSoftware.WizardLib", "AUTRE\VelerSoftware.WizardLib\VelerSoftware.WizardLib.vbproj", "{6864B1FA-D003-4CFE-A4BE-6E94694A1833}"
EndProject
Project("{F184B08F-C81C-45F6-A57F-5ABD9991F28F}") = "VelerSoftware.WizardPlugin", "PLUGINS\VelerSoftware.WizardPlugin\VelerSoftware.WizardPlugin.vbproj", "{BAF9CB4C-0871-4289-AFA2-350FB2E51DF3}"
EndProject
Project("{F184B08F-C81C-45F6-A57F-5ABD9991F28F}") = "VelerSoftware.SQLServerPlugin", "PLUGINS\VelerSoftware.SQLServerPlugin\VelerSoftware.SQLServerPlugin.vbproj", "{436F9BE9-650F-4259-9BF0-3CD2653E4749}"
EndProject
Project("{F184B08F-C81C-45F6-A57F-5ABD9991F28F}") = "VelerSoftware.MySQLPlugin", "PLUGINS\VelerSoftware.MySQLPlugin\VelerSoftware.MySQLPlugin.vbproj", "{3F94E4E4-6A65-434C-9C5E-00214A13F8CE}"
EndProject
Project("{F184B08F-C81C-45F6-A57F-5ABD9991F28F}") = "VelerSoftware.AccessPlugin", "PLUGINS\VelerSoftware.AccessPlugin\VelerSoftware.AccessPlugin.vbproj", "{595FB230-82F6-4624-AF62-765A07B2C4DC}"
EndProject
Project("{F184B08F-C81C-45F6-A57F-5ABD9991F28F}") = "VelerSoftware.PrintPlugin", "PLUGINS\VelerSoftware.PrintPlugin\VelerSoftware.PrintPlugin.vbproj", "{849FCE3B-E21B-45FE-B51E-991D622136A5}"
EndProject
Project("{F184B08F-C81C-45F6-A57F-5ABD9991F28F}") = "VelerSoftware.PrintLib", "AUTRE\VelerSoftware.PrintLib\VelerSoftware.PrintLib.vbproj", "{9C72CA1E-1C27-40DE-8AB0-ACD83CF0EF87}"
EndProject
Project("{F184B08F-C81C-45F6-A57F-5ABD9991F28F}") = "Updater", "OUTILS\Updater\Updater.vbproj", "{111503BE-297D-448B-8074-FBEC3805B749}"
	ProjectSection(ProjectDependencies) = postProject
		{D1FE2822-74B5-4623-BEF8-7D9527C04BC2} = {D1FE2822-74B5-4623-BEF8-7D9527C04BC2}
	EndProjectSection
EndProject
Project("{FAE04EC0-301F-11D3-BF4B-00C04F79EFBC}") = "VelerSoftware.ExcelLib", "AUTRE\VelerSoftware.ExcelLib\VelerSoftware.ExcelLib.csproj", "{10E461FE-49C3-45C0-BE26-4613EA296651}"
EndProject
Project("{F184B08F-C81C-45F6-A57F-5ABD9991F28F}") = "VelerSoftware.ExcelPlugin", "PLUGINS\VelerSoftware.ExcelPlugin\VelerSoftware.ExcelPlugin.vbproj", "{AEE302BD-9CCA-45F1-81B0-64D1D8D5511D}"
EndProject
Project("{2150E333-8FDC-42A3-9474-1A3956D46DE8}") = "Bases de données et FTP", "Bases de données et FTP", "{68556C10-6150-47B4-8CC2-11044FF6D1FA}"
EndProject
Project("{2150E333-8FDC-42A3-9474-1A3956D46DE8}") = "Matériel", "Matériel", "{BFACA4D6-0C83-4AA0-81A5-CDAD1B08D29A}"
EndProject
Project("{F184B08F-C81C-45F6-A57F-5ABD9991F28F}") = "VelerSoftware.SerialPortPlugin", "PLUGINS\VelerSoftware.SerialPortPlugin\VelerSoftware.SerialPortPlugin.vbproj", "{ECA738B6-6ECB-4A59-B37E-EDCAD2E380EF}"
EndProject
Project("{2150E333-8FDC-42A3-9474-1A3956D46DE8}") = "Autre", "Autre", "{3DDC16B3-4398-4D89-8EB5-C0B5BA7B4D74}"
EndProject
Project("{FAE04EC0-301F-11D3-BF4B-00C04F79EFBC}") = "VelerSoftware.FTPLib", "AUTRE\VelerSoftware.FTPLib\VelerSoftware.FTPLib.csproj", "{2CAE517D-69F1-4228-837A-5F14EB3557C3}"
EndProject
Project("{F184B08F-C81C-45F6-A57F-5ABD9991F28F}") = "VelerSoftware.FTPPlugin", "PLUGINS\VelerSoftware.FTPPlugin\VelerSoftware.FTPPlugin.vbproj", "{D0B651EC-9ED0-4908-87A7-8EF49A9EDA7E}"
EndProject
Project("{F184B08F-C81C-45F6-A57F-5ABD9991F28F}") = "Générateur de code d'activation", "OUTILS\Générateur de code d'activation\Générateur de code d'activation.vbproj", "{88B1E522-79CD-4DF4-BB6F-CF10E7952052}"
EndProject
Project("{F184B08F-C81C-45F6-A57F-5ABD9991F28F}") = "VelerSoftware.VoiceRecognitionPlugin", "PLUGINS\VelerSoftware.VoiceRecognitionPlugin\VelerSoftware.VoiceRecognitionPlugin.vbproj", "{51068915-BDDA-414B-8099-676248BFB95C}"
EndProject
Project("{F184B08F-C81C-45F6-A57F-5ABD9991F28F}") = "VelerSoftware.VoiceRecognitionLib", "AUTRE\VelerSoftware.VoiceRecognitionLib\VelerSoftware.VoiceRecognitionLib.vbproj", "{CFA4B737-86C2-4D3F-A434-FC9D60EDFEDF}"
EndProject
Project("{2150E333-8FDC-42A3-9474-1A3956D46DE8}") = "Interface et Interaction", "Interface et Interaction", "{F7C1B6EB-954B-45B4-A444-22461067AEA0}"
EndProject
Project("{F184B08F-C81C-45F6-A57F-5ABD9991F28F}") = "VelerSoftware.VistaMessageBox", "PLUGINS\VelerSoftware.VistaMessageBox\VelerSoftware.VistaMessageBox.vbproj", "{40D766FD-E5C0-4899-BFD8-93F32AE3CF91}"
EndProject
Project("{F184B08F-C81C-45F6-A57F-5ABD9991F28F}") = "VelerSoftware.VistaMessageBoxLib", "AUTRE\VelerSoftware.VistaMessageBoxLib\VelerSoftware.VistaMessageBoxLib.vbproj", "{C9F1745A-A421-40CA-9939-0178A342545A}"
EndProject
Project("{2150E333-8FDC-42A3-9474-1A3956D46DE8}") = "CONFIGURATION", "CONFIGURATION", "{6638F38B-0DBD-4579-9324-4A3270E5B140}"
	ProjectSection(SolutionItems) = preProject
		Fichier clé.txt = Fichier clé.txt
		.Net Reactor\Net Reactor.nrproj = .Net Reactor\Net Reactor.nrproj
		README.md = README.md
		SZ_Left.jpg = SZ_Left.jpg
		SZ_Top.jpg = SZ_Top.jpg
	EndProjectSection
EndProject
Project("{2150E333-8FDC-42A3-9474-1A3956D46DE8}") = "AUTRE DLL", "AUTRE DLL", "{CA131A1B-C96C-4ED4-8A8B-DAC856EB080C}"
	ProjectSection(SolutionItems) = preProject
		AUTRE DLL\AxInterop.WMPLib.dll = AUTRE DLL\AxInterop.WMPLib.dll
		AUTRE DLL\ComponentFactory.Krypton.Toolkit.dll = AUTRE DLL\ComponentFactory.Krypton.Toolkit.dll
		AUTRE DLL\Interop.ADOX.dll = AUTRE DLL\Interop.ADOX.dll
		AUTRE DLL\mysql.data.dll = AUTRE DLL\mysql.data.dll
		AUTRE DLL\WMPLib.dll = AUTRE DLL\WMPLib.dll
	EndProjectSection
EndProject
Project("{2150E333-8FDC-42A3-9474-1A3956D46DE8}") = "SETUP", "SETUP", "{987974D4-7EA2-4844-8664-97E62669A627}"
	ProjectSection(SolutionItems) = preProject
		SETUP\Custom_Dictionary.ail = SETUP\Custom_Dictionary.ail
		SETUP\Setup Files\Install_SoftwareZator_2012_Beta.exe = SETUP\Setup Files\Install_SoftwareZator_2012_Beta.exe
		SETUP\setup.aip = SETUP\setup.aip
	EndProjectSection
EndProject
Project("{2150E333-8FDC-42A3-9474-1A3956D46DE8}") = "PSD", "PSD", "{9F3DBA3D-5E13-4A62-A92D-54A6DC37A50F}"
	ProjectSection(SolutionItems) = preProject
		IMAGES\AdvancedInstaller.psd = IMAGES\AdvancedInstaller.psd
		IMAGES\Header.psd = IMAGES\Header.psd
		IMAGES\Header_Help.psd = IMAGES\Header_Help.psd
		IMAGES\SplashScreen.psd = IMAGES\SplashScreen.psd
		IMAGES\SZ_Icon.psd = IMAGES\SZ_Icon.psd
		IMAGES\SZC_Icon.psd = IMAGES\SZC_Icon.psd
		IMAGES\SZProj_Icon.psd = IMAGES\SZProj_Icon.psd
	EndProjectSection
EndProject
Global
	GlobalSection(SolutionConfigurationPlatforms) = preSolution
		Debug|Any CPU = Debug|Any CPU
		Debug|Mixed Platforms = Debug|Mixed Platforms
		Debug|x86 = Debug|x86
		Release|Any CPU = Release|Any CPU
		Release|Mixed Platforms = Release|Mixed Platforms
		Release|x86 = Release|x86
		SZ Only (Without Other Plugin)|Any CPU = SZ Only (Without Other Plugin)|Any CPU
		SZ Only (Without Other Plugin)|Mixed Platforms = SZ Only (Without Other Plugin)|Mixed Platforms
		SZ Only (Without Other Plugin)|x86 = SZ Only (Without Other Plugin)|x86
	EndGlobalSection
	GlobalSection(ProjectConfigurationPlatforms) = postSolution
		{498A1C4B-2D9E-4C31-AC0B-39F49B8B9579}.Debug|Any CPU.ActiveCfg = Debug|Any CPU
		{498A1C4B-2D9E-4C31-AC0B-39F49B8B9579}.Debug|Any CPU.Build.0 = Debug|Any CPU
		{498A1C4B-2D9E-4C31-AC0B-39F49B8B9579}.Debug|Mixed Platforms.ActiveCfg = Debug|Any CPU
		{498A1C4B-2D9E-4C31-AC0B-39F49B8B9579}.Debug|Mixed Platforms.Build.0 = Debug|Any CPU
		{498A1C4B-2D9E-4C31-AC0B-39F49B8B9579}.Debug|x86.ActiveCfg = Debug|Any CPU
		{498A1C4B-2D9E-4C31-AC0B-39F49B8B9579}.Release|Any CPU.ActiveCfg = Release|Any CPU
		{498A1C4B-2D9E-4C31-AC0B-39F49B8B9579}.Release|Any CPU.Build.0 = Release|Any CPU
		{498A1C4B-2D9E-4C31-AC0B-39F49B8B9579}.Release|Mixed Platforms.ActiveCfg = Release|Any CPU
		{498A1C4B-2D9E-4C31-AC0B-39F49B8B9579}.Release|Mixed Platforms.Build.0 = Release|Any CPU
		{498A1C4B-2D9E-4C31-AC0B-39F49B8B9579}.Release|x86.ActiveCfg = Release|Any CPU
		{498A1C4B-2D9E-4C31-AC0B-39F49B8B9579}.SZ Only (Without Other Plugin)|Any CPU.ActiveCfg = Debug|Any CPU
		{498A1C4B-2D9E-4C31-AC0B-39F49B8B9579}.SZ Only (Without Other Plugin)|Any CPU.Build.0 = Debug|Any CPU
		{498A1C4B-2D9E-4C31-AC0B-39F49B8B9579}.SZ Only (Without Other Plugin)|Mixed Platforms.ActiveCfg = Debug|Any CPU
		{498A1C4B-2D9E-4C31-AC0B-39F49B8B9579}.SZ Only (Without Other Plugin)|Mixed Platforms.Build.0 = Debug|Any CPU
		{498A1C4B-2D9E-4C31-AC0B-39F49B8B9579}.SZ Only (Without Other Plugin)|x86.ActiveCfg = Debug|Any CPU
		{8FF4F9ED-9642-4838-9C7E-55FF0B27A1DC}.Debug|Any CPU.ActiveCfg = Debug|Any CPU
		{8FF4F9ED-9642-4838-9C7E-55FF0B27A1DC}.Debug|Any CPU.Build.0 = Debug|Any CPU
		{8FF4F9ED-9642-4838-9C7E-55FF0B27A1DC}.Debug|Mixed Platforms.ActiveCfg = Debug|Any CPU
		{8FF4F9ED-9642-4838-9C7E-55FF0B27A1DC}.Debug|Mixed Platforms.Build.0 = Debug|Any CPU
		{8FF4F9ED-9642-4838-9C7E-55FF0B27A1DC}.Debug|x86.ActiveCfg = Debug|Any CPU
		{8FF4F9ED-9642-4838-9C7E-55FF0B27A1DC}.Release|Any CPU.ActiveCfg = Release|Any CPU
		{8FF4F9ED-9642-4838-9C7E-55FF0B27A1DC}.Release|Any CPU.Build.0 = Release|Any CPU
		{8FF4F9ED-9642-4838-9C7E-55FF0B27A1DC}.Release|Mixed Platforms.ActiveCfg = Release|Any CPU
		{8FF4F9ED-9642-4838-9C7E-55FF0B27A1DC}.Release|Mixed Platforms.Build.0 = Release|Any CPU
		{8FF4F9ED-9642-4838-9C7E-55FF0B27A1DC}.Release|x86.ActiveCfg = Release|Any CPU
		{8FF4F9ED-9642-4838-9C7E-55FF0B27A1DC}.SZ Only (Without Other Plugin)|Any CPU.ActiveCfg = Debug|Any CPU
		{8FF4F9ED-9642-4838-9C7E-55FF0B27A1DC}.SZ Only (Without Other Plugin)|Any CPU.Build.0 = Debug|Any CPU
		{8FF4F9ED-9642-4838-9C7E-55FF0B27A1DC}.SZ Only (Without Other Plugin)|Mixed Platforms.ActiveCfg = Debug|Any CPU
		{8FF4F9ED-9642-4838-9C7E-55FF0B27A1DC}.SZ Only (Without Other Plugin)|Mixed Platforms.Build.0 = Debug|Any CPU
		{8FF4F9ED-9642-4838-9C7E-55FF0B27A1DC}.SZ Only (Without Other Plugin)|x86.ActiveCfg = Debug|Any CPU
		{D1FE2822-74B5-4623-BEF8-7D9527C04BC2}.Debug|Any CPU.ActiveCfg = Debug|Any CPU
		{D1FE2822-74B5-4623-BEF8-7D9527C04BC2}.Debug|Any CPU.Build.0 = Debug|Any CPU
		{D1FE2822-74B5-4623-BEF8-7D9527C04BC2}.Debug|Mixed Platforms.ActiveCfg = Debug|Any CPU
		{D1FE2822-74B5-4623-BEF8-7D9527C04BC2}.Debug|Mixed Platforms.Build.0 = Debug|Any CPU
		{D1FE2822-74B5-4623-BEF8-7D9527C04BC2}.Debug|x86.ActiveCfg = Debug|Any CPU
		{D1FE2822-74B5-4623-BEF8-7D9527C04BC2}.Release|Any CPU.ActiveCfg = Release|Any CPU
		{D1FE2822-74B5-4623-BEF8-7D9527C04BC2}.Release|Any CPU.Build.0 = Release|Any CPU
		{D1FE2822-74B5-4623-BEF8-7D9527C04BC2}.Release|Mixed Platforms.ActiveCfg = Release|Any CPU
		{D1FE2822-74B5-4623-BEF8-7D9527C04BC2}.Release|Mixed Platforms.Build.0 = Release|Any CPU
		{D1FE2822-74B5-4623-BEF8-7D9527C04BC2}.Release|x86.ActiveCfg = Release|Any CPU
		{D1FE2822-74B5-4623-BEF8-7D9527C04BC2}.SZ Only (Without Other Plugin)|Any CPU.ActiveCfg = Debug|Any CPU
		{D1FE2822-74B5-4623-BEF8-7D9527C04BC2}.SZ Only (Without Other Plugin)|Any CPU.Build.0 = Debug|Any CPU
		{D1FE2822-74B5-4623-BEF8-7D9527C04BC2}.SZ Only (Without Other Plugin)|Mixed Platforms.ActiveCfg = Debug|Any CPU
		{D1FE2822-74B5-4623-BEF8-7D9527C04BC2}.SZ Only (Without Other Plugin)|Mixed Platforms.Build.0 = Debug|Any CPU
		{D1FE2822-74B5-4623-BEF8-7D9527C04BC2}.SZ Only (Without Other Plugin)|x86.ActiveCfg = Debug|Any CPU
		{28F80F36-9BB7-48F9-ABA0-242CFF54C89C}.Debug|Any CPU.ActiveCfg = Debug|Any CPU
		{28F80F36-9BB7-48F9-ABA0-242CFF54C89C}.Debug|Any CPU.Build.0 = Debug|Any CPU
		{28F80F36-9BB7-48F9-ABA0-242CFF54C89C}.Debug|Mixed Platforms.ActiveCfg = Debug|Any CPU
		{28F80F36-9BB7-48F9-ABA0-242CFF54C89C}.Debug|Mixed Platforms.Build.0 = Debug|Any CPU
		{28F80F36-9BB7-48F9-ABA0-242CFF54C89C}.Debug|x86.ActiveCfg = Debug|Any CPU
		{28F80F36-9BB7-48F9-ABA0-242CFF54C89C}.Release|Any CPU.ActiveCfg = Release|Any CPU
		{28F80F36-9BB7-48F9-ABA0-242CFF54C89C}.Release|Any CPU.Build.0 = Release|Any CPU
		{28F80F36-9BB7-48F9-ABA0-242CFF54C89C}.Release|Mixed Platforms.ActiveCfg = Release|Any CPU
		{28F80F36-9BB7-48F9-ABA0-242CFF54C89C}.Release|Mixed Platforms.Build.0 = Release|Any CPU
		{28F80F36-9BB7-48F9-ABA0-242CFF54C89C}.Release|x86.ActiveCfg = Release|Any CPU
		{28F80F36-9BB7-48F9-ABA0-242CFF54C89C}.SZ Only (Without Other Plugin)|Any CPU.ActiveCfg = Debug|Any CPU
		{28F80F36-9BB7-48F9-ABA0-242CFF54C89C}.SZ Only (Without Other Plugin)|Any CPU.Build.0 = Debug|Any CPU
		{28F80F36-9BB7-48F9-ABA0-242CFF54C89C}.SZ Only (Without Other Plugin)|Mixed Platforms.ActiveCfg = Debug|Any CPU
		{28F80F36-9BB7-48F9-ABA0-242CFF54C89C}.SZ Only (Without Other Plugin)|Mixed Platforms.Build.0 = Debug|Any CPU
		{28F80F36-9BB7-48F9-ABA0-242CFF54C89C}.SZ Only (Without Other Plugin)|x86.ActiveCfg = Debug|Any CPU
		{695F2F39-5C5A-4CD0-879D-94FB48C2B4AF}.Debug|Any CPU.ActiveCfg = Debug|Any CPU
		{695F2F39-5C5A-4CD0-879D-94FB48C2B4AF}.Debug|Any CPU.Build.0 = Debug|Any CPU
		{695F2F39-5C5A-4CD0-879D-94FB48C2B4AF}.Debug|Mixed Platforms.ActiveCfg = Debug|Any CPU
		{695F2F39-5C5A-4CD0-879D-94FB48C2B4AF}.Debug|Mixed Platforms.Build.0 = Debug|Any CPU
		{695F2F39-5C5A-4CD0-879D-94FB48C2B4AF}.Debug|x86.ActiveCfg = Debug|Any CPU
		{695F2F39-5C5A-4CD0-879D-94FB48C2B4AF}.Release|Any CPU.ActiveCfg = Release|Any CPU
		{695F2F39-5C5A-4CD0-879D-94FB48C2B4AF}.Release|Any CPU.Build.0 = Release|Any CPU
		{695F2F39-5C5A-4CD0-879D-94FB48C2B4AF}.Release|Mixed Platforms.ActiveCfg = Release|Any CPU
		{695F2F39-5C5A-4CD0-879D-94FB48C2B4AF}.Release|Mixed Platforms.Build.0 = Release|Any CPU
		{695F2F39-5C5A-4CD0-879D-94FB48C2B4AF}.Release|x86.ActiveCfg = Release|Any CPU
		{695F2F39-5C5A-4CD0-879D-94FB48C2B4AF}.SZ Only (Without Other Plugin)|Any CPU.ActiveCfg = Debug|Any CPU
		{695F2F39-5C5A-4CD0-879D-94FB48C2B4AF}.SZ Only (Without Other Plugin)|Any CPU.Build.0 = Debug|Any CPU
		{695F2F39-5C5A-4CD0-879D-94FB48C2B4AF}.SZ Only (Without Other Plugin)|Mixed Platforms.ActiveCfg = Debug|Any CPU
		{695F2F39-5C5A-4CD0-879D-94FB48C2B4AF}.SZ Only (Without Other Plugin)|Mixed Platforms.Build.0 = Debug|Any CPU
		{695F2F39-5C5A-4CD0-879D-94FB48C2B4AF}.SZ Only (Without Other Plugin)|x86.ActiveCfg = Debug|Any CPU
		{6C55B776-26D4-4DB3-A6AB-87E783B2F3D1}.Debug|Any CPU.ActiveCfg = Debug|Any CPU
		{6C55B776-26D4-4DB3-A6AB-87E783B2F3D1}.Debug|Any CPU.Build.0 = Debug|Any CPU
		{6C55B776-26D4-4DB3-A6AB-87E783B2F3D1}.Debug|Mixed Platforms.ActiveCfg = Debug|Any CPU
		{6C55B776-26D4-4DB3-A6AB-87E783B2F3D1}.Debug|Mixed Platforms.Build.0 = Debug|Any CPU
		{6C55B776-26D4-4DB3-A6AB-87E783B2F3D1}.Debug|x86.ActiveCfg = Debug|Any CPU
		{6C55B776-26D4-4DB3-A6AB-87E783B2F3D1}.Release|Any CPU.ActiveCfg = Release|Any CPU
		{6C55B776-26D4-4DB3-A6AB-87E783B2F3D1}.Release|Any CPU.Build.0 = Release|Any CPU
		{6C55B776-26D4-4DB3-A6AB-87E783B2F3D1}.Release|Mixed Platforms.ActiveCfg = Release|Any CPU
		{6C55B776-26D4-4DB3-A6AB-87E783B2F3D1}.Release|Mixed Platforms.Build.0 = Release|Any CPU
		{6C55B776-26D4-4DB3-A6AB-87E783B2F3D1}.Release|x86.ActiveCfg = Release|Any CPU
		{6C55B776-26D4-4DB3-A6AB-87E783B2F3D1}.SZ Only (Without Other Plugin)|Any CPU.ActiveCfg = Release|Any CPU
		{6C55B776-26D4-4DB3-A6AB-87E783B2F3D1}.SZ Only (Without Other Plugin)|Any CPU.Build.0 = Release|Any CPU
		{6C55B776-26D4-4DB3-A6AB-87E783B2F3D1}.SZ Only (Without Other Plugin)|Mixed Platforms.ActiveCfg = Release|Any CPU
		{6C55B776-26D4-4DB3-A6AB-87E783B2F3D1}.SZ Only (Without Other Plugin)|Mixed Platforms.Build.0 = Release|Any CPU
		{6C55B776-26D4-4DB3-A6AB-87E783B2F3D1}.SZ Only (Without Other Plugin)|x86.ActiveCfg = Release|Any CPU
		{9360965A-E7E2-4190-BBA7-23CB09C4548C}.Debug|Any CPU.ActiveCfg = Debug|Any CPU
		{9360965A-E7E2-4190-BBA7-23CB09C4548C}.Debug|Any CPU.Build.0 = Debug|Any CPU
		{9360965A-E7E2-4190-BBA7-23CB09C4548C}.Debug|Mixed Platforms.ActiveCfg = Debug|Any CPU
		{9360965A-E7E2-4190-BBA7-23CB09C4548C}.Debug|Mixed Platforms.Build.0 = Debug|Any CPU
		{9360965A-E7E2-4190-BBA7-23CB09C4548C}.Debug|x86.ActiveCfg = Debug|Any CPU
		{9360965A-E7E2-4190-BBA7-23CB09C4548C}.Release|Any CPU.ActiveCfg = Release|Any CPU
		{9360965A-E7E2-4190-BBA7-23CB09C4548C}.Release|Any CPU.Build.0 = Release|Any CPU
		{9360965A-E7E2-4190-BBA7-23CB09C4548C}.Release|Mixed Platforms.ActiveCfg = Release|Any CPU
		{9360965A-E7E2-4190-BBA7-23CB09C4548C}.Release|Mixed Platforms.Build.0 = Release|Any CPU
		{9360965A-E7E2-4190-BBA7-23CB09C4548C}.Release|x86.ActiveCfg = Release|Any CPU
		{9360965A-E7E2-4190-BBA7-23CB09C4548C}.SZ Only (Without Other Plugin)|Any CPU.ActiveCfg = Debug|Any CPU
		{9360965A-E7E2-4190-BBA7-23CB09C4548C}.SZ Only (Without Other Plugin)|Any CPU.Build.0 = Debug|Any CPU
		{9360965A-E7E2-4190-BBA7-23CB09C4548C}.SZ Only (Without Other Plugin)|Mixed Platforms.ActiveCfg = Debug|Any CPU
		{9360965A-E7E2-4190-BBA7-23CB09C4548C}.SZ Only (Without Other Plugin)|Mixed Platforms.Build.0 = Debug|Any CPU
		{9360965A-E7E2-4190-BBA7-23CB09C4548C}.SZ Only (Without Other Plugin)|x86.ActiveCfg = Debug|Any CPU
		{9144BA04-155B-4B66-B85A-9A89AA93F7D4}.Debug|Any CPU.ActiveCfg = Debug|Any CPU
		{9144BA04-155B-4B66-B85A-9A89AA93F7D4}.Debug|Any CPU.Build.0 = Debug|Any CPU
		{9144BA04-155B-4B66-B85A-9A89AA93F7D4}.Debug|Mixed Platforms.ActiveCfg = Debug|Any CPU
		{9144BA04-155B-4B66-B85A-9A89AA93F7D4}.Debug|Mixed Platforms.Build.0 = Debug|Any CPU
		{9144BA04-155B-4B66-B85A-9A89AA93F7D4}.Debug|x86.ActiveCfg = Debug|Any CPU
		{9144BA04-155B-4B66-B85A-9A89AA93F7D4}.Release|Any CPU.ActiveCfg = Release|Any CPU
		{9144BA04-155B-4B66-B85A-9A89AA93F7D4}.Release|Any CPU.Build.0 = Release|Any CPU
		{9144BA04-155B-4B66-B85A-9A89AA93F7D4}.Release|Mixed Platforms.ActiveCfg = Release|Any CPU
		{9144BA04-155B-4B66-B85A-9A89AA93F7D4}.Release|Mixed Platforms.Build.0 = Release|Any CPU
		{9144BA04-155B-4B66-B85A-9A89AA93F7D4}.Release|x86.ActiveCfg = Release|Any CPU
		{9144BA04-155B-4B66-B85A-9A89AA93F7D4}.SZ Only (Without Other Plugin)|Any CPU.ActiveCfg = Release|Any CPU
		{9144BA04-155B-4B66-B85A-9A89AA93F7D4}.SZ Only (Without Other Plugin)|Any CPU.Build.0 = Release|Any CPU
		{9144BA04-155B-4B66-B85A-9A89AA93F7D4}.SZ Only (Without Other Plugin)|Mixed Platforms.ActiveCfg = Release|Any CPU
		{9144BA04-155B-4B66-B85A-9A89AA93F7D4}.SZ Only (Without Other Plugin)|Mixed Platforms.Build.0 = Release|Any CPU
		{9144BA04-155B-4B66-B85A-9A89AA93F7D4}.SZ Only (Without Other Plugin)|x86.ActiveCfg = Release|Any CPU
		{96ECAECC-54F8-4AA5-8591-B443C2D9565F}.Debug|Any CPU.ActiveCfg = Debug|Any CPU
		{96ECAECC-54F8-4AA5-8591-B443C2D9565F}.Debug|Any CPU.Build.0 = Debug|Any CPU
		{96ECAECC-54F8-4AA5-8591-B443C2D9565F}.Debug|Mixed Platforms.ActiveCfg = Debug|Any CPU
		{96ECAECC-54F8-4AA5-8591-B443C2D9565F}.Debug|Mixed Platforms.Build.0 = Debug|Any CPU
		{96ECAECC-54F8-4AA5-8591-B443C2D9565F}.Debug|x86.ActiveCfg = Debug|Any CPU
		{96ECAECC-54F8-4AA5-8591-B443C2D9565F}.Release|Any CPU.ActiveCfg = Release|Any CPU
		{96ECAECC-54F8-4AA5-8591-B443C2D9565F}.Release|Any CPU.Build.0 = Release|Any CPU
		{96ECAECC-54F8-4AA5-8591-B443C2D9565F}.Release|Mixed Platforms.ActiveCfg = Release|Any CPU
		{96ECAECC-54F8-4AA5-8591-B443C2D9565F}.Release|Mixed Platforms.Build.0 = Release|Any CPU
		{96ECAECC-54F8-4AA5-8591-B443C2D9565F}.Release|x86.ActiveCfg = Release|Any CPU
		{96ECAECC-54F8-4AA5-8591-B443C2D9565F}.SZ Only (Without Other Plugin)|Any CPU.ActiveCfg = Release|Any CPU
		{96ECAECC-54F8-4AA5-8591-B443C2D9565F}.SZ Only (Without Other Plugin)|Any CPU.Build.0 = Release|Any CPU
		{96ECAECC-54F8-4AA5-8591-B443C2D9565F}.SZ Only (Without Other Plugin)|Mixed Platforms.ActiveCfg = Release|Any CPU
		{96ECAECC-54F8-4AA5-8591-B443C2D9565F}.SZ Only (Without Other Plugin)|Mixed Platforms.Build.0 = Release|Any CPU
		{96ECAECC-54F8-4AA5-8591-B443C2D9565F}.SZ Only (Without Other Plugin)|x86.ActiveCfg = Release|Any CPU
		{E90FC375-453D-4FE4-9822-CE1DB85B6553}.Debug|Any CPU.ActiveCfg = Debug|Any CPU
		{E90FC375-453D-4FE4-9822-CE1DB85B6553}.Debug|Any CPU.Build.0 = Debug|Any CPU
		{E90FC375-453D-4FE4-9822-CE1DB85B6553}.Debug|Mixed Platforms.ActiveCfg = Debug|Any CPU
		{E90FC375-453D-4FE4-9822-CE1DB85B6553}.Debug|Mixed Platforms.Build.0 = Debug|Any CPU
		{E90FC375-453D-4FE4-9822-CE1DB85B6553}.Debug|x86.ActiveCfg = Debug|Any CPU
		{E90FC375-453D-4FE4-9822-CE1DB85B6553}.Release|Any CPU.ActiveCfg = Release|Any CPU
		{E90FC375-453D-4FE4-9822-CE1DB85B6553}.Release|Any CPU.Build.0 = Release|Any CPU
		{E90FC375-453D-4FE4-9822-CE1DB85B6553}.Release|Mixed Platforms.ActiveCfg = Release|Any CPU
		{E90FC375-453D-4FE4-9822-CE1DB85B6553}.Release|Mixed Platforms.Build.0 = Release|Any CPU
		{E90FC375-453D-4FE4-9822-CE1DB85B6553}.Release|x86.ActiveCfg = Release|Any CPU
		{E90FC375-453D-4FE4-9822-CE1DB85B6553}.SZ Only (Without Other Plugin)|Any CPU.ActiveCfg = Release|Any CPU
		{E90FC375-453D-4FE4-9822-CE1DB85B6553}.SZ Only (Without Other Plugin)|Any CPU.Build.0 = Release|Any CPU
		{E90FC375-453D-4FE4-9822-CE1DB85B6553}.SZ Only (Without Other Plugin)|Mixed Platforms.ActiveCfg = Release|Any CPU
		{E90FC375-453D-4FE4-9822-CE1DB85B6553}.SZ Only (Without Other Plugin)|Mixed Platforms.Build.0 = Release|Any CPU
		{E90FC375-453D-4FE4-9822-CE1DB85B6553}.SZ Only (Without Other Plugin)|x86.ActiveCfg = Release|Any CPU
		{DC0DD714-4D19-4F31-A6D0-EA209D4F0EA8}.Debug|Any CPU.ActiveCfg = Debug|Any CPU
		{DC0DD714-4D19-4F31-A6D0-EA209D4F0EA8}.Debug|Any CPU.Build.0 = Debug|Any CPU
		{DC0DD714-4D19-4F31-A6D0-EA209D4F0EA8}.Debug|Mixed Platforms.ActiveCfg = Debug|Any CPU
		{DC0DD714-4D19-4F31-A6D0-EA209D4F0EA8}.Debug|Mixed Platforms.Build.0 = Debug|Any CPU
		{DC0DD714-4D19-4F31-A6D0-EA209D4F0EA8}.Debug|x86.ActiveCfg = Debug|Any CPU
		{DC0DD714-4D19-4F31-A6D0-EA209D4F0EA8}.Release|Any CPU.ActiveCfg = Release|Any CPU
		{DC0DD714-4D19-4F31-A6D0-EA209D4F0EA8}.Release|Any CPU.Build.0 = Release|Any CPU
		{DC0DD714-4D19-4F31-A6D0-EA209D4F0EA8}.Release|Mixed Platforms.ActiveCfg = Release|Any CPU
		{DC0DD714-4D19-4F31-A6D0-EA209D4F0EA8}.Release|Mixed Platforms.Build.0 = Release|Any CPU
		{DC0DD714-4D19-4F31-A6D0-EA209D4F0EA8}.Release|x86.ActiveCfg = Release|Any CPU
		{DC0DD714-4D19-4F31-A6D0-EA209D4F0EA8}.SZ Only (Without Other Plugin)|Any CPU.ActiveCfg = Release|Any CPU
		{DC0DD714-4D19-4F31-A6D0-EA209D4F0EA8}.SZ Only (Without Other Plugin)|Any CPU.Build.0 = Release|Any CPU
		{DC0DD714-4D19-4F31-A6D0-EA209D4F0EA8}.SZ Only (Without Other Plugin)|Mixed Platforms.ActiveCfg = Release|Any CPU
		{DC0DD714-4D19-4F31-A6D0-EA209D4F0EA8}.SZ Only (Without Other Plugin)|Mixed Platforms.Build.0 = Release|Any CPU
		{DC0DD714-4D19-4F31-A6D0-EA209D4F0EA8}.SZ Only (Without Other Plugin)|x86.ActiveCfg = Release|Any CPU
		{E00FF125-CB44-480B-847E-7B3D27E481EB}.Debug|Any CPU.ActiveCfg = Debug|Any CPU
		{E00FF125-CB44-480B-847E-7B3D27E481EB}.Debug|Any CPU.Build.0 = Debug|Any CPU
		{E00FF125-CB44-480B-847E-7B3D27E481EB}.Debug|Mixed Platforms.ActiveCfg = Debug|Any CPU
		{E00FF125-CB44-480B-847E-7B3D27E481EB}.Debug|Mixed Platforms.Build.0 = Debug|Any CPU
		{E00FF125-CB44-480B-847E-7B3D27E481EB}.Debug|x86.ActiveCfg = Debug|Any CPU
		{E00FF125-CB44-480B-847E-7B3D27E481EB}.Release|Any CPU.ActiveCfg = Release|Any CPU
		{E00FF125-CB44-480B-847E-7B3D27E481EB}.Release|Any CPU.Build.0 = Release|Any CPU
		{E00FF125-CB44-480B-847E-7B3D27E481EB}.Release|Mixed Platforms.ActiveCfg = Release|Any CPU
		{E00FF125-CB44-480B-847E-7B3D27E481EB}.Release|Mixed Platforms.Build.0 = Release|Any CPU
		{E00FF125-CB44-480B-847E-7B3D27E481EB}.Release|x86.ActiveCfg = Release|Any CPU
		{E00FF125-CB44-480B-847E-7B3D27E481EB}.SZ Only (Without Other Plugin)|Any CPU.ActiveCfg = Release|Any CPU
		{E00FF125-CB44-480B-847E-7B3D27E481EB}.SZ Only (Without Other Plugin)|Any CPU.Build.0 = Release|Any CPU
		{E00FF125-CB44-480B-847E-7B3D27E481EB}.SZ Only (Without Other Plugin)|Mixed Platforms.ActiveCfg = Release|Any CPU
		{E00FF125-CB44-480B-847E-7B3D27E481EB}.SZ Only (Without Other Plugin)|Mixed Platforms.Build.0 = Release|Any CPU
		{E00FF125-CB44-480B-847E-7B3D27E481EB}.SZ Only (Without Other Plugin)|x86.ActiveCfg = Release|Any CPU
		{6004C98A-6642-4DCF-906C-E0ED3581978F}.Debug|Any CPU.ActiveCfg = Debug|Any CPU
		{6004C98A-6642-4DCF-906C-E0ED3581978F}.Debug|Any CPU.Build.0 = Debug|Any CPU
		{6004C98A-6642-4DCF-906C-E0ED3581978F}.Debug|Mixed Platforms.ActiveCfg = Debug|Any CPU
		{6004C98A-6642-4DCF-906C-E0ED3581978F}.Debug|Mixed Platforms.Build.0 = Debug|Any CPU
		{6004C98A-6642-4DCF-906C-E0ED3581978F}.Debug|x86.ActiveCfg = Debug|Any CPU
		{6004C98A-6642-4DCF-906C-E0ED3581978F}.Release|Any CPU.ActiveCfg = Release|Any CPU
		{6004C98A-6642-4DCF-906C-E0ED3581978F}.Release|Any CPU.Build.0 = Release|Any CPU
		{6004C98A-6642-4DCF-906C-E0ED3581978F}.Release|Mixed Platforms.ActiveCfg = Release|Any CPU
		{6004C98A-6642-4DCF-906C-E0ED3581978F}.Release|Mixed Platforms.Build.0 = Release|Any CPU
		{6004C98A-6642-4DCF-906C-E0ED3581978F}.Release|x86.ActiveCfg = Release|Any CPU
		{6004C98A-6642-4DCF-906C-E0ED3581978F}.SZ Only (Without Other Plugin)|Any CPU.ActiveCfg = Release|Any CPU
		{6004C98A-6642-4DCF-906C-E0ED3581978F}.SZ Only (Without Other Plugin)|Any CPU.Build.0 = Release|Any CPU
		{6004C98A-6642-4DCF-906C-E0ED3581978F}.SZ Only (Without Other Plugin)|Mixed Platforms.ActiveCfg = Release|Any CPU
		{6004C98A-6642-4DCF-906C-E0ED3581978F}.SZ Only (Without Other Plugin)|Mixed Platforms.Build.0 = Release|Any CPU
		{6004C98A-6642-4DCF-906C-E0ED3581978F}.SZ Only (Without Other Plugin)|x86.ActiveCfg = Release|Any CPU
		{1D24E09B-D0BD-45D2-B88F-90BCBC1C4B93}.Debug|Any CPU.ActiveCfg = Debug|x86
		{1D24E09B-D0BD-45D2-B88F-90BCBC1C4B93}.Debug|Mixed Platforms.ActiveCfg = Debug|x86
		{1D24E09B-D0BD-45D2-B88F-90BCBC1C4B93}.Debug|Mixed Platforms.Build.0 = Debug|x86
		{1D24E09B-D0BD-45D2-B88F-90BCBC1C4B93}.Debug|x86.ActiveCfg = Debug|x86
		{1D24E09B-D0BD-45D2-B88F-90BCBC1C4B93}.Debug|x86.Build.0 = Debug|x86
		{1D24E09B-D0BD-45D2-B88F-90BCBC1C4B93}.Release|Any CPU.ActiveCfg = Release|x86
		{1D24E09B-D0BD-45D2-B88F-90BCBC1C4B93}.Release|Mixed Platforms.ActiveCfg = Release|x86
		{1D24E09B-D0BD-45D2-B88F-90BCBC1C4B93}.Release|Mixed Platforms.Build.0 = Release|x86
		{1D24E09B-D0BD-45D2-B88F-90BCBC1C4B93}.Release|x86.ActiveCfg = Release|x86
		{1D24E09B-D0BD-45D2-B88F-90BCBC1C4B93}.Release|x86.Build.0 = Release|x86
		{1D24E09B-D0BD-45D2-B88F-90BCBC1C4B93}.SZ Only (Without Other Plugin)|Any CPU.ActiveCfg = Release|x86
		{1D24E09B-D0BD-45D2-B88F-90BCBC1C4B93}.SZ Only (Without Other Plugin)|Mixed Platforms.ActiveCfg = Release|x86
		{1D24E09B-D0BD-45D2-B88F-90BCBC1C4B93}.SZ Only (Without Other Plugin)|Mixed Platforms.Build.0 = Release|x86
		{1D24E09B-D0BD-45D2-B88F-90BCBC1C4B93}.SZ Only (Without Other Plugin)|x86.ActiveCfg = Release|x86
		{1D24E09B-D0BD-45D2-B88F-90BCBC1C4B93}.SZ Only (Without Other Plugin)|x86.Build.0 = Release|x86
		{6864B1FA-D003-4CFE-A4BE-6E94694A1833}.Debug|Any CPU.ActiveCfg = Debug|Any CPU
		{6864B1FA-D003-4CFE-A4BE-6E94694A1833}.Debug|Any CPU.Build.0 = Debug|Any CPU
		{6864B1FA-D003-4CFE-A4BE-6E94694A1833}.Debug|Mixed Platforms.ActiveCfg = Debug|Any CPU
		{6864B1FA-D003-4CFE-A4BE-6E94694A1833}.Debug|Mixed Platforms.Build.0 = Debug|Any CPU
		{6864B1FA-D003-4CFE-A4BE-6E94694A1833}.Debug|x86.ActiveCfg = Debug|Any CPU
		{6864B1FA-D003-4CFE-A4BE-6E94694A1833}.Release|Any CPU.ActiveCfg = Release|Any CPU
		{6864B1FA-D003-4CFE-A4BE-6E94694A1833}.Release|Any CPU.Build.0 = Release|Any CPU
		{6864B1FA-D003-4CFE-A4BE-6E94694A1833}.Release|Mixed Platforms.ActiveCfg = Release|Any CPU
		{6864B1FA-D003-4CFE-A4BE-6E94694A1833}.Release|Mixed Platforms.Build.0 = Release|Any CPU
		{6864B1FA-D003-4CFE-A4BE-6E94694A1833}.Release|x86.ActiveCfg = Release|Any CPU
		{6864B1FA-D003-4CFE-A4BE-6E94694A1833}.SZ Only (Without Other Plugin)|Any CPU.ActiveCfg = Release|Any CPU
		{6864B1FA-D003-4CFE-A4BE-6E94694A1833}.SZ Only (Without Other Plugin)|Any CPU.Build.0 = Release|Any CPU
		{6864B1FA-D003-4CFE-A4BE-6E94694A1833}.SZ Only (Without Other Plugin)|Mixed Platforms.ActiveCfg = Release|Any CPU
		{6864B1FA-D003-4CFE-A4BE-6E94694A1833}.SZ Only (Without Other Plugin)|Mixed Platforms.Build.0 = Release|Any CPU
		{6864B1FA-D003-4CFE-A4BE-6E94694A1833}.SZ Only (Without Other Plugin)|x86.ActiveCfg = Release|Any CPU
		{BAF9CB4C-0871-4289-AFA2-350FB2E51DF3}.Debug|Any CPU.ActiveCfg = Debug|Any CPU
		{BAF9CB4C-0871-4289-AFA2-350FB2E51DF3}.Debug|Any CPU.Build.0 = Debug|Any CPU
		{BAF9CB4C-0871-4289-AFA2-350FB2E51DF3}.Debug|Mixed Platforms.ActiveCfg = Debug|Any CPU
		{BAF9CB4C-0871-4289-AFA2-350FB2E51DF3}.Debug|Mixed Platforms.Build.0 = Debug|Any CPU
		{BAF9CB4C-0871-4289-AFA2-350FB2E51DF3}.Debug|x86.ActiveCfg = Debug|Any CPU
		{BAF9CB4C-0871-4289-AFA2-350FB2E51DF3}.Release|Any CPU.ActiveCfg = Release|Any CPU
		{BAF9CB4C-0871-4289-AFA2-350FB2E51DF3}.Release|Any CPU.Build.0 = Release|Any CPU
		{BAF9CB4C-0871-4289-AFA2-350FB2E51DF3}.Release|Mixed Platforms.ActiveCfg = Release|Any CPU
		{BAF9CB4C-0871-4289-AFA2-350FB2E51DF3}.Release|Mixed Platforms.Build.0 = Release|Any CPU
		{BAF9CB4C-0871-4289-AFA2-350FB2E51DF3}.Release|x86.ActiveCfg = Release|Any CPU
		{BAF9CB4C-0871-4289-AFA2-350FB2E51DF3}.SZ Only (Without Other Plugin)|Any CPU.ActiveCfg = Debug|Any CPU
		{BAF9CB4C-0871-4289-AFA2-350FB2E51DF3}.SZ Only (Without Other Plugin)|Any CPU.Build.0 = Debug|Any CPU
		{BAF9CB4C-0871-4289-AFA2-350FB2E51DF3}.SZ Only (Without Other Plugin)|Mixed Platforms.ActiveCfg = Debug|Any CPU
		{BAF9CB4C-0871-4289-AFA2-350FB2E51DF3}.SZ Only (Without Other Plugin)|Mixed Platforms.Build.0 = Debug|Any CPU
		{BAF9CB4C-0871-4289-AFA2-350FB2E51DF3}.SZ Only (Without Other Plugin)|x86.ActiveCfg = Debug|Any CPU
		{436F9BE9-650F-4259-9BF0-3CD2653E4749}.Debug|Any CPU.ActiveCfg = Debug|Any CPU
		{436F9BE9-650F-4259-9BF0-3CD2653E4749}.Debug|Any CPU.Build.0 = Debug|Any CPU
		{436F9BE9-650F-4259-9BF0-3CD2653E4749}.Debug|Mixed Platforms.ActiveCfg = Debug|Any CPU
		{436F9BE9-650F-4259-9BF0-3CD2653E4749}.Debug|Mixed Platforms.Build.0 = Debug|Any CPU
		{436F9BE9-650F-4259-9BF0-3CD2653E4749}.Debug|x86.ActiveCfg = Debug|Any CPU
		{436F9BE9-650F-4259-9BF0-3CD2653E4749}.Release|Any CPU.ActiveCfg = Release|Any CPU
		{436F9BE9-650F-4259-9BF0-3CD2653E4749}.Release|Any CPU.Build.0 = Release|Any CPU
		{436F9BE9-650F-4259-9BF0-3CD2653E4749}.Release|Mixed Platforms.ActiveCfg = Release|Any CPU
		{436F9BE9-650F-4259-9BF0-3CD2653E4749}.Release|Mixed Platforms.Build.0 = Release|Any CPU
		{436F9BE9-650F-4259-9BF0-3CD2653E4749}.Release|x86.ActiveCfg = Release|Any CPU
		{436F9BE9-650F-4259-9BF0-3CD2653E4749}.SZ Only (Without Other Plugin)|Any CPU.ActiveCfg = Debug|Any CPU
		{436F9BE9-650F-4259-9BF0-3CD2653E4749}.SZ Only (Without Other Plugin)|Any CPU.Build.0 = Debug|Any CPU
		{436F9BE9-650F-4259-9BF0-3CD2653E4749}.SZ Only (Without Other Plugin)|Mixed Platforms.ActiveCfg = Debug|Any CPU
		{436F9BE9-650F-4259-9BF0-3CD2653E4749}.SZ Only (Without Other Plugin)|Mixed Platforms.Build.0 = Debug|Any CPU
		{436F9BE9-650F-4259-9BF0-3CD2653E4749}.SZ Only (Without Other Plugin)|x86.ActiveCfg = Debug|Any CPU
		{3F94E4E4-6A65-434C-9C5E-00214A13F8CE}.Debug|Any CPU.ActiveCfg = Debug|Any CPU
		{3F94E4E4-6A65-434C-9C5E-00214A13F8CE}.Debug|Any CPU.Build.0 = Debug|Any CPU
		{3F94E4E4-6A65-434C-9C5E-00214A13F8CE}.Debug|Mixed Platforms.ActiveCfg = Debug|Any CPU
		{3F94E4E4-6A65-434C-9C5E-00214A13F8CE}.Debug|Mixed Platforms.Build.0 = Debug|Any CPU
		{3F94E4E4-6A65-434C-9C5E-00214A13F8CE}.Debug|x86.ActiveCfg = Debug|Any CPU
		{3F94E4E4-6A65-434C-9C5E-00214A13F8CE}.Release|Any CPU.ActiveCfg = Release|Any CPU
		{3F94E4E4-6A65-434C-9C5E-00214A13F8CE}.Release|Any CPU.Build.0 = Release|Any CPU
		{3F94E4E4-6A65-434C-9C5E-00214A13F8CE}.Release|Mixed Platforms.ActiveCfg = Release|Any CPU
		{3F94E4E4-6A65-434C-9C5E-00214A13F8CE}.Release|Mixed Platforms.Build.0 = Release|Any CPU
		{3F94E4E4-6A65-434C-9C5E-00214A13F8CE}.Release|x86.ActiveCfg = Release|Any CPU
		{3F94E4E4-6A65-434C-9C5E-00214A13F8CE}.SZ Only (Without Other Plugin)|Any CPU.ActiveCfg = Debug|Any CPU
		{3F94E4E4-6A65-434C-9C5E-00214A13F8CE}.SZ Only (Without Other Plugin)|Any CPU.Build.0 = Debug|Any CPU
		{3F94E4E4-6A65-434C-9C5E-00214A13F8CE}.SZ Only (Without Other Plugin)|Mixed Platforms.ActiveCfg = Debug|Any CPU
		{3F94E4E4-6A65-434C-9C5E-00214A13F8CE}.SZ Only (Without Other Plugin)|Mixed Platforms.Build.0 = Debug|Any CPU
		{3F94E4E4-6A65-434C-9C5E-00214A13F8CE}.SZ Only (Without Other Plugin)|x86.ActiveCfg = Debug|Any CPU
		{595FB230-82F6-4624-AF62-765A07B2C4DC}.Debug|Any CPU.ActiveCfg = Debug|Any CPU
		{595FB230-82F6-4624-AF62-765A07B2C4DC}.Debug|Any CPU.Build.0 = Debug|Any CPU
		{595FB230-82F6-4624-AF62-765A07B2C4DC}.Debug|Mixed Platforms.ActiveCfg = Debug|Any CPU
		{595FB230-82F6-4624-AF62-765A07B2C4DC}.Debug|Mixed Platforms.Build.0 = Debug|Any CPU
		{595FB230-82F6-4624-AF62-765A07B2C4DC}.Debug|x86.ActiveCfg = Debug|Any CPU
		{595FB230-82F6-4624-AF62-765A07B2C4DC}.Release|Any CPU.ActiveCfg = Release|Any CPU
		{595FB230-82F6-4624-AF62-765A07B2C4DC}.Release|Any CPU.Build.0 = Release|Any CPU
		{595FB230-82F6-4624-AF62-765A07B2C4DC}.Release|Mixed Platforms.ActiveCfg = Release|Any CPU
		{595FB230-82F6-4624-AF62-765A07B2C4DC}.Release|Mixed Platforms.Build.0 = Release|Any CPU
		{595FB230-82F6-4624-AF62-765A07B2C4DC}.Release|x86.ActiveCfg = Release|Any CPU
		{595FB230-82F6-4624-AF62-765A07B2C4DC}.SZ Only (Without Other Plugin)|Any CPU.ActiveCfg = Debug|Any CPU
		{595FB230-82F6-4624-AF62-765A07B2C4DC}.SZ Only (Without Other Plugin)|Any CPU.Build.0 = Debug|Any CPU
		{595FB230-82F6-4624-AF62-765A07B2C4DC}.SZ Only (Without Other Plugin)|Mixed Platforms.ActiveCfg = Debug|Any CPU
		{595FB230-82F6-4624-AF62-765A07B2C4DC}.SZ Only (Without Other Plugin)|Mixed Platforms.Build.0 = Debug|Any CPU
		{595FB230-82F6-4624-AF62-765A07B2C4DC}.SZ Only (Without Other Plugin)|x86.ActiveCfg = Debug|Any CPU
		{849FCE3B-E21B-45FE-B51E-991D622136A5}.Debug|Any CPU.ActiveCfg = Debug|Any CPU
		{849FCE3B-E21B-45FE-B51E-991D622136A5}.Debug|Any CPU.Build.0 = Debug|Any CPU
		{849FCE3B-E21B-45FE-B51E-991D622136A5}.Debug|Mixed Platforms.ActiveCfg = Debug|Any CPU
		{849FCE3B-E21B-45FE-B51E-991D622136A5}.Debug|Mixed Platforms.Build.0 = Debug|Any CPU
		{849FCE3B-E21B-45FE-B51E-991D622136A5}.Debug|x86.ActiveCfg = Debug|Any CPU
		{849FCE3B-E21B-45FE-B51E-991D622136A5}.Release|Any CPU.ActiveCfg = Release|Any CPU
		{849FCE3B-E21B-45FE-B51E-991D622136A5}.Release|Any CPU.Build.0 = Release|Any CPU
		{849FCE3B-E21B-45FE-B51E-991D622136A5}.Release|Mixed Platforms.ActiveCfg = Release|Any CPU
		{849FCE3B-E21B-45FE-B51E-991D622136A5}.Release|Mixed Platforms.Build.0 = Release|Any CPU
		{849FCE3B-E21B-45FE-B51E-991D622136A5}.Release|x86.ActiveCfg = Release|Any CPU
		{849FCE3B-E21B-45FE-B51E-991D622136A5}.SZ Only (Without Other Plugin)|Any CPU.ActiveCfg = Debug|Any CPU
		{849FCE3B-E21B-45FE-B51E-991D622136A5}.SZ Only (Without Other Plugin)|Any CPU.Build.0 = Debug|Any CPU
		{849FCE3B-E21B-45FE-B51E-991D622136A5}.SZ Only (Without Other Plugin)|Mixed Platforms.ActiveCfg = Debug|Any CPU
		{849FCE3B-E21B-45FE-B51E-991D622136A5}.SZ Only (Without Other Plugin)|Mixed Platforms.Build.0 = Debug|Any CPU
		{849FCE3B-E21B-45FE-B51E-991D622136A5}.SZ Only (Without Other Plugin)|x86.ActiveCfg = Debug|Any CPU
		{9C72CA1E-1C27-40DE-8AB0-ACD83CF0EF87}.Debug|Any CPU.ActiveCfg = Debug|Any CPU
		{9C72CA1E-1C27-40DE-8AB0-ACD83CF0EF87}.Debug|Any CPU.Build.0 = Debug|Any CPU
		{9C72CA1E-1C27-40DE-8AB0-ACD83CF0EF87}.Debug|Mixed Platforms.ActiveCfg = Debug|Any CPU
		{9C72CA1E-1C27-40DE-8AB0-ACD83CF0EF87}.Debug|Mixed Platforms.Build.0 = Debug|Any CPU
		{9C72CA1E-1C27-40DE-8AB0-ACD83CF0EF87}.Debug|x86.ActiveCfg = Debug|Any CPU
		{9C72CA1E-1C27-40DE-8AB0-ACD83CF0EF87}.Release|Any CPU.ActiveCfg = Release|Any CPU
		{9C72CA1E-1C27-40DE-8AB0-ACD83CF0EF87}.Release|Any CPU.Build.0 = Release|Any CPU
		{9C72CA1E-1C27-40DE-8AB0-ACD83CF0EF87}.Release|Mixed Platforms.ActiveCfg = Release|Any CPU
		{9C72CA1E-1C27-40DE-8AB0-ACD83CF0EF87}.Release|Mixed Platforms.Build.0 = Release|Any CPU
		{9C72CA1E-1C27-40DE-8AB0-ACD83CF0EF87}.Release|x86.ActiveCfg = Release|Any CPU
		{9C72CA1E-1C27-40DE-8AB0-ACD83CF0EF87}.SZ Only (Without Other Plugin)|Any CPU.ActiveCfg = Release|Any CPU
		{9C72CA1E-1C27-40DE-8AB0-ACD83CF0EF87}.SZ Only (Without Other Plugin)|Any CPU.Build.0 = Release|Any CPU
		{9C72CA1E-1C27-40DE-8AB0-ACD83CF0EF87}.SZ Only (Without Other Plugin)|Mixed Platforms.ActiveCfg = Release|Any CPU
		{9C72CA1E-1C27-40DE-8AB0-ACD83CF0EF87}.SZ Only (Without Other Plugin)|Mixed Platforms.Build.0 = Release|Any CPU
		{9C72CA1E-1C27-40DE-8AB0-ACD83CF0EF87}.SZ Only (Without Other Plugin)|x86.ActiveCfg = Release|Any CPU
		{111503BE-297D-448B-8074-FBEC3805B749}.Debug|Any CPU.ActiveCfg = Debug|Any CPU
		{111503BE-297D-448B-8074-FBEC3805B749}.Debug|Any CPU.Build.0 = Debug|Any CPU
		{111503BE-297D-448B-8074-FBEC3805B749}.Debug|Mixed Platforms.ActiveCfg = Debug|Any CPU
		{111503BE-297D-448B-8074-FBEC3805B749}.Debug|Mixed Platforms.Build.0 = Debug|Any CPU
		{111503BE-297D-448B-8074-FBEC3805B749}.Debug|x86.ActiveCfg = Debug|x86
		{111503BE-297D-448B-8074-FBEC3805B749}.Debug|x86.Build.0 = Debug|x86
		{111503BE-297D-448B-8074-FBEC3805B749}.Release|Any CPU.ActiveCfg = Release|Any CPU
		{111503BE-297D-448B-8074-FBEC3805B749}.Release|Any CPU.Build.0 = Release|Any CPU
		{111503BE-297D-448B-8074-FBEC3805B749}.Release|Mixed Platforms.ActiveCfg = Release|Any CPU
		{111503BE-297D-448B-8074-FBEC3805B749}.Release|Mixed Platforms.Build.0 = Release|Any CPU
		{111503BE-297D-448B-8074-FBEC3805B749}.Release|x86.ActiveCfg = Release|x86
		{111503BE-297D-448B-8074-FBEC3805B749}.Release|x86.Build.0 = Release|x86
		{111503BE-297D-448B-8074-FBEC3805B749}.SZ Only (Without Other Plugin)|Any CPU.ActiveCfg = Release|Any CPU
		{111503BE-297D-448B-8074-FBEC3805B749}.SZ Only (Without Other Plugin)|Any CPU.Build.0 = Release|Any CPU
		{111503BE-297D-448B-8074-FBEC3805B749}.SZ Only (Without Other Plugin)|Mixed Platforms.ActiveCfg = Release|Any CPU
		{111503BE-297D-448B-8074-FBEC3805B749}.SZ Only (Without Other Plugin)|Mixed Platforms.Build.0 = Release|Any CPU
		{111503BE-297D-448B-8074-FBEC3805B749}.SZ Only (Without Other Plugin)|x86.ActiveCfg = Release|Any CPU
		{10E461FE-49C3-45C0-BE26-4613EA296651}.Debug|Any CPU.ActiveCfg = Debug|Any CPU
		{10E461FE-49C3-45C0-BE26-4613EA296651}.Debug|Any CPU.Build.0 = Debug|Any CPU
		{10E461FE-49C3-45C0-BE26-4613EA296651}.Debug|Mixed Platforms.ActiveCfg = Debug|Any CPU
		{10E461FE-49C3-45C0-BE26-4613EA296651}.Debug|Mixed Platforms.Build.0 = Debug|Any CPU
		{10E461FE-49C3-45C0-BE26-4613EA296651}.Debug|x86.ActiveCfg = Debug|Any CPU
		{10E461FE-49C3-45C0-BE26-4613EA296651}.Release|Any CPU.ActiveCfg = Release|Any CPU
		{10E461FE-49C3-45C0-BE26-4613EA296651}.Release|Any CPU.Build.0 = Release|Any CPU
		{10E461FE-49C3-45C0-BE26-4613EA296651}.Release|Mixed Platforms.ActiveCfg = Release|Any CPU
		{10E461FE-49C3-45C0-BE26-4613EA296651}.Release|Mixed Platforms.Build.0 = Release|Any CPU
		{10E461FE-49C3-45C0-BE26-4613EA296651}.Release|x86.ActiveCfg = Release|Any CPU
		{10E461FE-49C3-45C0-BE26-4613EA296651}.SZ Only (Without Other Plugin)|Any CPU.ActiveCfg = Release|Any CPU
		{10E461FE-49C3-45C0-BE26-4613EA296651}.SZ Only (Without Other Plugin)|Any CPU.Build.0 = Release|Any CPU
		{10E461FE-49C3-45C0-BE26-4613EA296651}.SZ Only (Without Other Plugin)|Mixed Platforms.ActiveCfg = Release|Any CPU
		{10E461FE-49C3-45C0-BE26-4613EA296651}.SZ Only (Without Other Plugin)|Mixed Platforms.Build.0 = Release|Any CPU
		{10E461FE-49C3-45C0-BE26-4613EA296651}.SZ Only (Without Other Plugin)|x86.ActiveCfg = Release|Any CPU
		{AEE302BD-9CCA-45F1-81B0-64D1D8D5511D}.Debug|Any CPU.ActiveCfg = Debug|Any CPU
		{AEE302BD-9CCA-45F1-81B0-64D1D8D5511D}.Debug|Any CPU.Build.0 = Debug|Any CPU
		{AEE302BD-9CCA-45F1-81B0-64D1D8D5511D}.Debug|Mixed Platforms.ActiveCfg = Debug|Any CPU
		{AEE302BD-9CCA-45F1-81B0-64D1D8D5511D}.Debug|Mixed Platforms.Build.0 = Debug|Any CPU
		{AEE302BD-9CCA-45F1-81B0-64D1D8D5511D}.Debug|x86.ActiveCfg = Debug|Any CPU
		{AEE302BD-9CCA-45F1-81B0-64D1D8D5511D}.Release|Any CPU.ActiveCfg = Release|Any CPU
		{AEE302BD-9CCA-45F1-81B0-64D1D8D5511D}.Release|Any CPU.Build.0 = Release|Any CPU
		{AEE302BD-9CCA-45F1-81B0-64D1D8D5511D}.Release|Mixed Platforms.ActiveCfg = Release|Any CPU
		{AEE302BD-9CCA-45F1-81B0-64D1D8D5511D}.Release|Mixed Platforms.Build.0 = Release|Any CPU
		{AEE302BD-9CCA-45F1-81B0-64D1D8D5511D}.Release|x86.ActiveCfg = Release|Any CPU
		{AEE302BD-9CCA-45F1-81B0-64D1D8D5511D}.SZ Only (Without Other Plugin)|Any CPU.ActiveCfg = Debug|Any CPU
		{AEE302BD-9CCA-45F1-81B0-64D1D8D5511D}.SZ Only (Without Other Plugin)|Any CPU.Build.0 = Debug|Any CPU
		{AEE302BD-9CCA-45F1-81B0-64D1D8D5511D}.SZ Only (Without Other Plugin)|Mixed Platforms.ActiveCfg = Debug|Any CPU
		{AEE302BD-9CCA-45F1-81B0-64D1D8D5511D}.SZ Only (Without Other Plugin)|Mixed Platforms.Build.0 = Debug|Any CPU
		{AEE302BD-9CCA-45F1-81B0-64D1D8D5511D}.SZ Only (Without Other Plugin)|x86.ActiveCfg = Debug|Any CPU
		{ECA738B6-6ECB-4A59-B37E-EDCAD2E380EF}.Debug|Any CPU.ActiveCfg = Debug|Any CPU
		{ECA738B6-6ECB-4A59-B37E-EDCAD2E380EF}.Debug|Any CPU.Build.0 = Debug|Any CPU
		{ECA738B6-6ECB-4A59-B37E-EDCAD2E380EF}.Debug|Mixed Platforms.ActiveCfg = Debug|Any CPU
		{ECA738B6-6ECB-4A59-B37E-EDCAD2E380EF}.Debug|Mixed Platforms.Build.0 = Debug|Any CPU
		{ECA738B6-6ECB-4A59-B37E-EDCAD2E380EF}.Debug|x86.ActiveCfg = Debug|Any CPU
		{ECA738B6-6ECB-4A59-B37E-EDCAD2E380EF}.Release|Any CPU.ActiveCfg = Release|Any CPU
		{ECA738B6-6ECB-4A59-B37E-EDCAD2E380EF}.Release|Any CPU.Build.0 = Release|Any CPU
		{ECA738B6-6ECB-4A59-B37E-EDCAD2E380EF}.Release|Mixed Platforms.ActiveCfg = Release|Any CPU
		{ECA738B6-6ECB-4A59-B37E-EDCAD2E380EF}.Release|Mixed Platforms.Build.0 = Release|Any CPU
		{ECA738B6-6ECB-4A59-B37E-EDCAD2E380EF}.Release|x86.ActiveCfg = Release|Any CPU
		{ECA738B6-6ECB-4A59-B37E-EDCAD2E380EF}.SZ Only (Without Other Plugin)|Any CPU.ActiveCfg = Debug|Any CPU
		{ECA738B6-6ECB-4A59-B37E-EDCAD2E380EF}.SZ Only (Without Other Plugin)|Any CPU.Build.0 = Debug|Any CPU
		{ECA738B6-6ECB-4A59-B37E-EDCAD2E380EF}.SZ Only (Without Other Plugin)|Mixed Platforms.ActiveCfg = Debug|Any CPU
		{ECA738B6-6ECB-4A59-B37E-EDCAD2E380EF}.SZ Only (Without Other Plugin)|Mixed Platforms.Build.0 = Debug|Any CPU
		{ECA738B6-6ECB-4A59-B37E-EDCAD2E380EF}.SZ Only (Without Other Plugin)|x86.ActiveCfg = Debug|Any CPU
		{2CAE517D-69F1-4228-837A-5F14EB3557C3}.Debug|Any CPU.ActiveCfg = Debug|Any CPU
		{2CAE517D-69F1-4228-837A-5F14EB3557C3}.Debug|Any CPU.Build.0 = Debug|Any CPU
		{2CAE517D-69F1-4228-837A-5F14EB3557C3}.Debug|Mixed Platforms.ActiveCfg = Debug|Any CPU
		{2CAE517D-69F1-4228-837A-5F14EB3557C3}.Debug|Mixed Platforms.Build.0 = Debug|Any CPU
		{2CAE517D-69F1-4228-837A-5F14EB3557C3}.Debug|x86.ActiveCfg = Debug|Any CPU
		{2CAE517D-69F1-4228-837A-5F14EB3557C3}.Release|Any CPU.ActiveCfg = Release|Any CPU
		{2CAE517D-69F1-4228-837A-5F14EB3557C3}.Release|Any CPU.Build.0 = Release|Any CPU
		{2CAE517D-69F1-4228-837A-5F14EB3557C3}.Release|Mixed Platforms.ActiveCfg = Release|Any CPU
		{2CAE517D-69F1-4228-837A-5F14EB3557C3}.Release|Mixed Platforms.Build.0 = Release|Any CPU
		{2CAE517D-69F1-4228-837A-5F14EB3557C3}.Release|x86.ActiveCfg = Release|Any CPU
		{2CAE517D-69F1-4228-837A-5F14EB3557C3}.SZ Only (Without Other Plugin)|Any CPU.ActiveCfg = Release|Any CPU
		{2CAE517D-69F1-4228-837A-5F14EB3557C3}.SZ Only (Without Other Plugin)|Any CPU.Build.0 = Release|Any CPU
		{2CAE517D-69F1-4228-837A-5F14EB3557C3}.SZ Only (Without Other Plugin)|Mixed Platforms.ActiveCfg = Release|Any CPU
		{2CAE517D-69F1-4228-837A-5F14EB3557C3}.SZ Only (Without Other Plugin)|Mixed Platforms.Build.0 = Release|Any CPU
		{2CAE517D-69F1-4228-837A-5F14EB3557C3}.SZ Only (Without Other Plugin)|x86.ActiveCfg = Release|Any CPU
		{D0B651EC-9ED0-4908-87A7-8EF49A9EDA7E}.Debug|Any CPU.ActiveCfg = Debug|Any CPU
		{D0B651EC-9ED0-4908-87A7-8EF49A9EDA7E}.Debug|Any CPU.Build.0 = Debug|Any CPU
		{D0B651EC-9ED0-4908-87A7-8EF49A9EDA7E}.Debug|Mixed Platforms.ActiveCfg = Debug|Any CPU
		{D0B651EC-9ED0-4908-87A7-8EF49A9EDA7E}.Debug|Mixed Platforms.Build.0 = Debug|Any CPU
		{D0B651EC-9ED0-4908-87A7-8EF49A9EDA7E}.Debug|x86.ActiveCfg = Debug|Any CPU
		{D0B651EC-9ED0-4908-87A7-8EF49A9EDA7E}.Release|Any CPU.ActiveCfg = Release|Any CPU
		{D0B651EC-9ED0-4908-87A7-8EF49A9EDA7E}.Release|Any CPU.Build.0 = Release|Any CPU
		{D0B651EC-9ED0-4908-87A7-8EF49A9EDA7E}.Release|Mixed Platforms.ActiveCfg = Release|Any CPU
		{D0B651EC-9ED0-4908-87A7-8EF49A9EDA7E}.Release|Mixed Platforms.Build.0 = Release|Any CPU
		{D0B651EC-9ED0-4908-87A7-8EF49A9EDA7E}.Release|x86.ActiveCfg = Release|Any CPU
		{D0B651EC-9ED0-4908-87A7-8EF49A9EDA7E}.SZ Only (Without Other Plugin)|Any CPU.ActiveCfg = Debug|Any CPU
		{D0B651EC-9ED0-4908-87A7-8EF49A9EDA7E}.SZ Only (Without Other Plugin)|Any CPU.Build.0 = Debug|Any CPU
		{D0B651EC-9ED0-4908-87A7-8EF49A9EDA7E}.SZ Only (Without Other Plugin)|Mixed Platforms.ActiveCfg = Debug|Any CPU
		{D0B651EC-9ED0-4908-87A7-8EF49A9EDA7E}.SZ Only (Without Other Plugin)|Mixed Platforms.Build.0 = Debug|Any CPU
		{D0B651EC-9ED0-4908-87A7-8EF49A9EDA7E}.SZ Only (Without Other Plugin)|x86.ActiveCfg = Debug|Any CPU
		{88B1E522-79CD-4DF4-BB6F-CF10E7952052}.Debug|Any CPU.ActiveCfg = Debug|Any CPU
		{88B1E522-79CD-4DF4-BB6F-CF10E7952052}.Debug|Any CPU.Build.0 = Debug|Any CPU
		{88B1E522-79CD-4DF4-BB6F-CF10E7952052}.Debug|Mixed Platforms.ActiveCfg = Debug|Any CPU
		{88B1E522-79CD-4DF4-BB6F-CF10E7952052}.Debug|Mixed Platforms.Build.0 = Debug|Any CPU
		{88B1E522-79CD-4DF4-BB6F-CF10E7952052}.Debug|x86.ActiveCfg = Debug|Any CPU
		{88B1E522-79CD-4DF4-BB6F-CF10E7952052}.Release|Any CPU.ActiveCfg = Release|Any CPU
		{88B1E522-79CD-4DF4-BB6F-CF10E7952052}.Release|Any CPU.Build.0 = Release|Any CPU
		{88B1E522-79CD-4DF4-BB6F-CF10E7952052}.Release|Mixed Platforms.ActiveCfg = Release|Any CPU
		{88B1E522-79CD-4DF4-BB6F-CF10E7952052}.Release|Mixed Platforms.Build.0 = Release|Any CPU
		{88B1E522-79CD-4DF4-BB6F-CF10E7952052}.Release|x86.ActiveCfg = Release|Any CPU
		{88B1E522-79CD-4DF4-BB6F-CF10E7952052}.SZ Only (Without Other Plugin)|Any CPU.ActiveCfg = Release|Any CPU
		{88B1E522-79CD-4DF4-BB6F-CF10E7952052}.SZ Only (Without Other Plugin)|Any CPU.Build.0 = Release|Any CPU
		{88B1E522-79CD-4DF4-BB6F-CF10E7952052}.SZ Only (Without Other Plugin)|Mixed Platforms.ActiveCfg = Release|Any CPU
		{88B1E522-79CD-4DF4-BB6F-CF10E7952052}.SZ Only (Without Other Plugin)|Mixed Platforms.Build.0 = Release|Any CPU
		{88B1E522-79CD-4DF4-BB6F-CF10E7952052}.SZ Only (Without Other Plugin)|x86.ActiveCfg = Release|Any CPU
		{51068915-BDDA-414B-8099-676248BFB95C}.Debug|Any CPU.ActiveCfg = Debug|Any CPU
		{51068915-BDDA-414B-8099-676248BFB95C}.Debug|Any CPU.Build.0 = Debug|Any CPU
		{51068915-BDDA-414B-8099-676248BFB95C}.Debug|Mixed Platforms.ActiveCfg = Debug|Any CPU
		{51068915-BDDA-414B-8099-676248BFB95C}.Debug|Mixed Platforms.Build.0 = Debug|Any CPU
		{51068915-BDDA-414B-8099-676248BFB95C}.Debug|x86.ActiveCfg = Debug|Any CPU
		{51068915-BDDA-414B-8099-676248BFB95C}.Release|Any CPU.ActiveCfg = Release|Any CPU
		{51068915-BDDA-414B-8099-676248BFB95C}.Release|Any CPU.Build.0 = Release|Any CPU
		{51068915-BDDA-414B-8099-676248BFB95C}.Release|Mixed Platforms.ActiveCfg = Release|Any CPU
		{51068915-BDDA-414B-8099-676248BFB95C}.Release|Mixed Platforms.Build.0 = Release|Any CPU
		{51068915-BDDA-414B-8099-676248BFB95C}.Release|x86.ActiveCfg = Release|Any CPU
		{51068915-BDDA-414B-8099-676248BFB95C}.SZ Only (Without Other Plugin)|Any CPU.ActiveCfg = Debug|Any CPU
		{51068915-BDDA-414B-8099-676248BFB95C}.SZ Only (Without Other Plugin)|Any CPU.Build.0 = Debug|Any CPU
		{51068915-BDDA-414B-8099-676248BFB95C}.SZ Only (Without Other Plugin)|Mixed Platforms.ActiveCfg = Debug|Any CPU
		{51068915-BDDA-414B-8099-676248BFB95C}.SZ Only (Without Other Plugin)|Mixed Platforms.Build.0 = Debug|Any CPU
		{51068915-BDDA-414B-8099-676248BFB95C}.SZ Only (Without Other Plugin)|x86.ActiveCfg = Debug|Any CPU
		{CFA4B737-86C2-4D3F-A434-FC9D60EDFEDF}.Debug|Any CPU.ActiveCfg = Debug|Any CPU
		{CFA4B737-86C2-4D3F-A434-FC9D60EDFEDF}.Debug|Any CPU.Build.0 = Debug|Any CPU
		{CFA4B737-86C2-4D3F-A434-FC9D60EDFEDF}.Debug|Mixed Platforms.ActiveCfg = Debug|Any CPU
		{CFA4B737-86C2-4D3F-A434-FC9D60EDFEDF}.Debug|Mixed Platforms.Build.0 = Debug|Any CPU
		{CFA4B737-86C2-4D3F-A434-FC9D60EDFEDF}.Debug|x86.ActiveCfg = Debug|Any CPU
		{CFA4B737-86C2-4D3F-A434-FC9D60EDFEDF}.Release|Any CPU.ActiveCfg = Release|Any CPU
		{CFA4B737-86C2-4D3F-A434-FC9D60EDFEDF}.Release|Any CPU.Build.0 = Release|Any CPU
		{CFA4B737-86C2-4D3F-A434-FC9D60EDFEDF}.Release|Mixed Platforms.ActiveCfg = Release|Any CPU
		{CFA4B737-86C2-4D3F-A434-FC9D60EDFEDF}.Release|Mixed Platforms.Build.0 = Release|Any CPU
		{CFA4B737-86C2-4D3F-A434-FC9D60EDFEDF}.Release|x86.ActiveCfg = Release|Any CPU
		{CFA4B737-86C2-4D3F-A434-FC9D60EDFEDF}.SZ Only (Without Other Plugin)|Any CPU.ActiveCfg = Release|Any CPU
		{CFA4B737-86C2-4D3F-A434-FC9D60EDFEDF}.SZ Only (Without Other Plugin)|Any CPU.Build.0 = Release|Any CPU
		{CFA4B737-86C2-4D3F-A434-FC9D60EDFEDF}.SZ Only (Without Other Plugin)|Mixed Platforms.ActiveCfg = Release|Any CPU
		{CFA4B737-86C2-4D3F-A434-FC9D60EDFEDF}.SZ Only (Without Other Plugin)|Mixed Platforms.Build.0 = Release|Any CPU
		{CFA4B737-86C2-4D3F-A434-FC9D60EDFEDF}.SZ Only (Without Other Plugin)|x86.ActiveCfg = Release|Any CPU
		{40D766FD-E5C0-4899-BFD8-93F32AE3CF91}.Debug|Any CPU.ActiveCfg = Debug|Any CPU
		{40D766FD-E5C0-4899-BFD8-93F32AE3CF91}.Debug|Any CPU.Build.0 = Debug|Any CPU
		{40D766FD-E5C0-4899-BFD8-93F32AE3CF91}.Debug|Mixed Platforms.ActiveCfg = Debug|Any CPU
		{40D766FD-E5C0-4899-BFD8-93F32AE3CF91}.Debug|Mixed Platforms.Build.0 = Debug|Any CPU
		{40D766FD-E5C0-4899-BFD8-93F32AE3CF91}.Debug|x86.ActiveCfg = Debug|Any CPU
		{40D766FD-E5C0-4899-BFD8-93F32AE3CF91}.Release|Any CPU.ActiveCfg = Release|Any CPU
		{40D766FD-E5C0-4899-BFD8-93F32AE3CF91}.Release|Any CPU.Build.0 = Release|Any CPU
		{40D766FD-E5C0-4899-BFD8-93F32AE3CF91}.Release|Mixed Platforms.ActiveCfg = Release|Any CPU
		{40D766FD-E5C0-4899-BFD8-93F32AE3CF91}.Release|Mixed Platforms.Build.0 = Release|Any CPU
		{40D766FD-E5C0-4899-BFD8-93F32AE3CF91}.Release|x86.ActiveCfg = Release|Any CPU
		{40D766FD-E5C0-4899-BFD8-93F32AE3CF91}.SZ Only (Without Other Plugin)|Any CPU.ActiveCfg = Debug|Any CPU
		{40D766FD-E5C0-4899-BFD8-93F32AE3CF91}.SZ Only (Without Other Plugin)|Any CPU.Build.0 = Debug|Any CPU
		{40D766FD-E5C0-4899-BFD8-93F32AE3CF91}.SZ Only (Without Other Plugin)|Mixed Platforms.ActiveCfg = Debug|Any CPU
		{40D766FD-E5C0-4899-BFD8-93F32AE3CF91}.SZ Only (Without Other Plugin)|Mixed Platforms.Build.0 = Debug|Any CPU
		{40D766FD-E5C0-4899-BFD8-93F32AE3CF91}.SZ Only (Without Other Plugin)|x86.ActiveCfg = Debug|Any CPU
		{C9F1745A-A421-40CA-9939-0178A342545A}.Debug|Any CPU.ActiveCfg = Debug|Any CPU
		{C9F1745A-A421-40CA-9939-0178A342545A}.Debug|Any CPU.Build.0 = Debug|Any CPU
		{C9F1745A-A421-40CA-9939-0178A342545A}.Debug|Mixed Platforms.ActiveCfg = Debug|Any CPU
		{C9F1745A-A421-40CA-9939-0178A342545A}.Debug|Mixed Platforms.Build.0 = Debug|Any CPU
		{C9F1745A-A421-40CA-9939-0178A342545A}.Debug|x86.ActiveCfg = Debug|Any CPU
		{C9F1745A-A421-40CA-9939-0178A342545A}.Release|Any CPU.ActiveCfg = Release|Any CPU
		{C9F1745A-A421-40CA-9939-0178A342545A}.Release|Any CPU.Build.0 = Release|Any CPU
		{C9F1745A-A421-40CA-9939-0178A342545A}.Release|Mixed Platforms.ActiveCfg = Release|Any CPU
		{C9F1745A-A421-40CA-9939-0178A342545A}.Release|Mixed Platforms.Build.0 = Release|Any CPU
		{C9F1745A-A421-40CA-9939-0178A342545A}.Release|x86.ActiveCfg = Release|Any CPU
		{C9F1745A-A421-40CA-9939-0178A342545A}.SZ Only (Without Other Plugin)|Any CPU.ActiveCfg = Release|Any CPU
		{C9F1745A-A421-40CA-9939-0178A342545A}.SZ Only (Without Other Plugin)|Any CPU.Build.0 = Release|Any CPU
		{C9F1745A-A421-40CA-9939-0178A342545A}.SZ Only (Without Other Plugin)|Mixed Platforms.ActiveCfg = Release|Any CPU
		{C9F1745A-A421-40CA-9939-0178A342545A}.SZ Only (Without Other Plugin)|Mixed Platforms.Build.0 = Release|Any CPU
		{C9F1745A-A421-40CA-9939-0178A342545A}.SZ Only (Without Other Plugin)|x86.ActiveCfg = Release|Any CPU
	EndGlobalSection
	GlobalSection(SolutionProperties) = preSolution
		HideSolutionNode = FALSE
	EndGlobalSection
	GlobalSection(NestedProjects) = preSolution
		{EC97D5DD-1DFB-496F-A09C-38367E675481} = {749E97DF-5B72-4DD0-8961-C78594EEB30B}
		{8FF4F9ED-9642-4838-9C7E-55FF0B27A1DC} = {EC97D5DD-1DFB-496F-A09C-38367E675481}
		{D1FE2822-74B5-4623-BEF8-7D9527C04BC2} = {EC97D5DD-1DFB-496F-A09C-38367E675481}
		{28F80F36-9BB7-48F9-ABA0-242CFF54C89C} = {EC97D5DD-1DFB-496F-A09C-38367E675481}
		{B7976759-B9F0-437A-A298-B90D3BD0E8FA} = {749E97DF-5B72-4DD0-8961-C78594EEB30B}
		{695F2F39-5C5A-4CD0-879D-94FB48C2B4AF} = {B7976759-B9F0-437A-A298-B90D3BD0E8FA}
		{6C55B776-26D4-4DB3-A6AB-87E783B2F3D1} = {EC97D5DD-1DFB-496F-A09C-38367E675481}
		{9360965A-E7E2-4190-BBA7-23CB09C4548C} = {83CBFF87-A321-4AFA-A41C-DBEF3C2F1D95}
		{8D6AE132-0EE0-40BA-9388-3B7F35D9ADF6} = {EC97D5DD-1DFB-496F-A09C-38367E675481}
		{9144BA04-155B-4B66-B85A-9A89AA93F7D4} = {8D6AE132-0EE0-40BA-9388-3B7F35D9ADF6}
		{96ECAECC-54F8-4AA5-8591-B443C2D9565F} = {8D6AE132-0EE0-40BA-9388-3B7F35D9ADF6}
		{E90FC375-453D-4FE4-9822-CE1DB85B6553} = {8D6AE132-0EE0-40BA-9388-3B7F35D9ADF6}
		{DC0DD714-4D19-4F31-A6D0-EA209D4F0EA8} = {8D6AE132-0EE0-40BA-9388-3B7F35D9ADF6}
		{E00FF125-CB44-480B-847E-7B3D27E481EB} = {8D6AE132-0EE0-40BA-9388-3B7F35D9ADF6}
		{6004C98A-6642-4DCF-906C-E0ED3581978F} = {8D6AE132-0EE0-40BA-9388-3B7F35D9ADF6}
		{1D24E09B-D0BD-45D2-B88F-90BCBC1C4B93} = {83CBFF87-A321-4AFA-A41C-DBEF3C2F1D95}
		{29D2723B-081A-4EC4-AC5A-DADBB94A0EF6} = {749E97DF-5B72-4DD0-8961-C78594EEB30B}
		{6864B1FA-D003-4CFE-A4BE-6E94694A1833} = {29D2723B-081A-4EC4-AC5A-DADBB94A0EF6}
		{BAF9CB4C-0871-4289-AFA2-350FB2E51DF3} = {F7C1B6EB-954B-45B4-A444-22461067AEA0}
		{436F9BE9-650F-4259-9BF0-3CD2653E4749} = {68556C10-6150-47B4-8CC2-11044FF6D1FA}
		{3F94E4E4-6A65-434C-9C5E-00214A13F8CE} = {68556C10-6150-47B4-8CC2-11044FF6D1FA}
		{595FB230-82F6-4624-AF62-765A07B2C4DC} = {68556C10-6150-47B4-8CC2-11044FF6D1FA}
		{849FCE3B-E21B-45FE-B51E-991D622136A5} = {BFACA4D6-0C83-4AA0-81A5-CDAD1B08D29A}
		{9C72CA1E-1C27-40DE-8AB0-ACD83CF0EF87} = {29D2723B-081A-4EC4-AC5A-DADBB94A0EF6}
		{111503BE-297D-448B-8074-FBEC3805B749} = {83CBFF87-A321-4AFA-A41C-DBEF3C2F1D95}
		{10E461FE-49C3-45C0-BE26-4613EA296651} = {29D2723B-081A-4EC4-AC5A-DADBB94A0EF6}
		{AEE302BD-9CCA-45F1-81B0-64D1D8D5511D} = {3DDC16B3-4398-4D89-8EB5-C0B5BA7B4D74}
		{68556C10-6150-47B4-8CC2-11044FF6D1FA} = {B7976759-B9F0-437A-A298-B90D3BD0E8FA}
		{BFACA4D6-0C83-4AA0-81A5-CDAD1B08D29A} = {B7976759-B9F0-437A-A298-B90D3BD0E8FA}
		{ECA738B6-6ECB-4A59-B37E-EDCAD2E380EF} = {BFACA4D6-0C83-4AA0-81A5-CDAD1B08D29A}
		{3DDC16B3-4398-4D89-8EB5-C0B5BA7B4D74} = {B7976759-B9F0-437A-A298-B90D3BD0E8FA}
		{2CAE517D-69F1-4228-837A-5F14EB3557C3} = {29D2723B-081A-4EC4-AC5A-DADBB94A0EF6}
		{D0B651EC-9ED0-4908-87A7-8EF49A9EDA7E} = {68556C10-6150-47B4-8CC2-11044FF6D1FA}
		{88B1E522-79CD-4DF4-BB6F-CF10E7952052} = {83CBFF87-A321-4AFA-A41C-DBEF3C2F1D95}
		{51068915-BDDA-414B-8099-676248BFB95C} = {BFACA4D6-0C83-4AA0-81A5-CDAD1B08D29A}
		{CFA4B737-86C2-4D3F-A434-FC9D60EDFEDF} = {29D2723B-081A-4EC4-AC5A-DADBB94A0EF6}
		{F7C1B6EB-954B-45B4-A444-22461067AEA0} = {B7976759-B9F0-437A-A298-B90D3BD0E8FA}
		{40D766FD-E5C0-4899-BFD8-93F32AE3CF91} = {F7C1B6EB-954B-45B4-A444-22461067AEA0}
		{C9F1745A-A421-40CA-9939-0178A342545A} = {29D2723B-081A-4EC4-AC5A-DADBB94A0EF6}
		{CA131A1B-C96C-4ED4-8A8B-DAC856EB080C} = {6638F38B-0DBD-4579-9324-4A3270E5B140}
		{987974D4-7EA2-4844-8664-97E62669A627} = {6638F38B-0DBD-4579-9324-4A3270E5B140}
		{9F3DBA3D-5E13-4A62-A92D-54A6DC37A50F} = {6638F38B-0DBD-4579-9324-4A3270E5B140}
	EndGlobalSection
	GlobalSection(SubversionScc) = preSolution
		Svn-Managed = True
		Manager = AnkhSVN - Subversion Support for Visual Studio
	EndGlobalSection
EndGlobal
